
Microsoft Visual Studio Solution File, Format Version 12.00
# Visual Studio Version 17
VisualStudioVersion = 17.6.33829.357
MinimumVisualStudioVersion = 10.0.40219.1
Project("{9A19103F-16F7-4668-BE54-9A1E7A4F7556}") = "MyVaccine.WebApi", "MyVaccine.WebApi\MyVaccine.WebApi.csproj", "{61648347-4B6D-410A-942E-E58981E5A44B}"
EndProject
Project("{9A19103F-16F7-4668-BE54-9A1E7A4F7556}") = "ReverseEngineering", "..\..\dotnet-webapi-basic\MyVaccineAppSln\ReverseEngineering\ReverseEngineering.csproj", "{C2ACE332-E3E9-4FEA-A023-4BCD53DDF37D}"
EndProject
Global
	GlobalSection(SolutionConfigurationPlatforms) = preSolution
		Debug|Any CPU = Debug|Any CPU
		Release|Any CPU = Release|Any CPU
	EndGlobalSection
	GlobalSection(ProjectConfigurationPlatforms) = postSolution
		{61648347-4B6D-410A-942E-E58981E5A44B}.Debug|Any CPU.ActiveCfg = Debug|Any CPU
		{61648347-4B6D-410A-942E-E58981E5A44B}.Debug|Any CPU.Build.0 = Debug|Any CPU
		{61648347-4B6D-410A-942E-E58981E5A44B}.Release|Any CPU.ActiveCfg = Release|Any CPU
		{61648347-4B6D-410A-942E-E58981E5A44B}.Release|Any CPU.Build.0 = Release|Any CPU
		{C2ACE332-E3E9-4FEA-A023-4BCD53DDF37D}.Debug|Any CPU.ActiveCfg = Debug|Any CPU
		{C2ACE332-E3E9-4FEA-A023-4BCD53DDF37D}.Debug|Any CPU.Build.0 = Debug|Any CPU
		{C2ACE332-E3E9-4FEA-A023-4BCD53DDF37D}.Release|Any CPU.ActiveCfg = Release|Any CPU
		{C2ACE332-E3E9-4FEA-A023-4BCD53DDF37D}.Release|Any CPU.Build.0 = Release|Any CPU
	EndGlobalSection
	GlobalSection(SolutionProperties) = preSolution
		HideSolutionNode = FALSE
	EndGlobalSection
	GlobalSection(ExtensibilityGlobals) = postSolution
		SolutionGuid = {1BE425C7-FB49-49B7-9AEE-63A7B1E334AC}
	EndGlobalSection
EndGlobal
